
Microsoft Visual Studio Solution File, Format Version 12.00
# Visual Studio Version 16
VisualStudioVersion = 16.0.31205.134
MinimumVisualStudioVersion = 10.0.40219.1
Project("{2150E333-8FDC-42A3-9474-1A3956D46DE8}") = "DesignPatterns", "DesignPatterns", "{3C62CF59-711A-44DF-8360-6DC65BC6A161}"
EndProject
Project("{9A19103F-16F7-4668-BE54-9A1E7A4F7556}") = "Factory", "Factory\Factory.csproj", "{62D2ED7C-3C17-489C-A7E0-AA81F5D1F7AB}"
EndProject
Project("{2150E333-8FDC-42A3-9474-1A3956D46DE8}") = "LanguageFeatures", "LanguageFeatures", "{94D07055-AFCA-4E7F-9A9E-49AA273BACBA}"
EndProject
Project("{9A19103F-16F7-4668-BE54-9A1E7A4F7556}") = "Records", "Records\Records.csproj", "{91F267D7-E9D8-4E9D-AFFE-917C94683F58}"
EndProject
Project("{2150E333-8FDC-42A3-9474-1A3956D46DE8}") = "Tools", "Tools", "{7EF55878-1ECF-4AB6-A8E2-229D5F15FCCC}"
EndProject
Project("{9A19103F-16F7-4668-BE54-9A1E7A4F7556}") = "Kafka", "Kafka\Kafka.csproj", "{D2EC576A-5CDB-4097-A57E-C4B15EDCAFBC}"
EndProject
Project("{9A19103F-16F7-4668-BE54-9A1E7A4F7556}") = "EventSourcing", "EventSourcing\EventSourcing.csproj", "{3F6EDE4B-E5EB-492B-8232-EF5B7AD48CA7}"
EndProject
Project("{2150E333-8FDC-42A3-9474-1A3956D46DE8}") = "DiyIceCreamTruck", "DiyIceCreamTruck", "{6E38A776-0FF7-44CB-B8F5-79606A772A93}"
EndProject
Project("{6EC3EE1D-3C4E-46DD-8F32-0CC8E7565705}") = "IceCreamTruckFsharp", "IceCreamTruckFsharp\IceCreamTruckFsharp.fsproj", "{2831B14C-98C0-4FD4-8790-C49E8E30F46A}"
EndProject
Project("{2150E333-8FDC-42A3-9474-1A3956D46DE8}") = "MoreEventSourcing", "MoreEventSourcing", "{5BA0226C-4C62-4C22-8269-4BDDB2476413}"
	ProjectSection(SolutionItems) = preProject
		about EventStoreDb.txt = about EventStoreDb.txt
		ES and Accounting.md = ES and Accounting.md
		jargons.txt = jargons.txt
		links.txt = links.txt
	EndProjectSection
EndProject
Project("{2150E333-8FDC-42A3-9474-1A3956D46DE8}") = "FSharpFundamentals", "FSharpFundamentals", "{01EB30B3-C243-48C4-96A6-20DE9B0361BC}"
EndProject
Project("{9A19103F-16F7-4668-BE54-9A1E7A4F7556}") = "EsAndCqrs", "EsAndCqrs\EsAndCqrs.csproj", "{274039AC-744B-4935-A9D9-FFAB6D3B1E2B}"
EndProject
Project("{9A19103F-16F7-4668-BE54-9A1E7A4F7556}") = "EventSourcingTaskApp", "EventSourcingTaskApp\EventSourcingTaskApp.csproj", "{22216190-491A-4C9B-967C-2188C5BEBD17}"
EndProject
Project("{2150E333-8FDC-42A3-9474-1A3956D46DE8}") = "DDD", "DDD", "{9FCB19D7-4DAC-4B92-A9BC-B8FDFE28A110}"
	ProjectSection(SolutionItems) = preProject
		Domain Events vs Integration Events.txt = Domain Events vs Integration Events.txt
		what efc can do to support ddd.md = what efc can do to support ddd.md
	EndProjectSection
EndProject
Project("{9A19103F-16F7-4668-BE54-9A1E7A4F7556}") = "EventStoreConsoleApp", "EventStoreConsoleApp\EventStoreConsoleApp.csproj", "{5B8AFF38-E31C-4AA4-9058-21C654267257}"
EndProject
Project("{2150E333-8FDC-42A3-9474-1A3956D46DE8}") = "Docker", "Docker", "{B9E724E2-0C53-4FD0-9056-24D68A65BF55}"
EndProject
Project("{9A19103F-16F7-4668-BE54-9A1E7A4F7556}") = "CarvedRockSportsShop.Api", "CarvedRockSportsShop.Api\CarvedRockSportsShop.Api.csproj", "{A519BA2D-3F89-4307-B632-568AED9FD81B}"
EndProject
Project("{9A19103F-16F7-4668-BE54-9A1E7A4F7556}") = "DomainEventsWithMediatr", "DomainEventsWithMediatr\DomainEventsWithMediatr.csproj", "{A58422FF-74B0-4B4D-A540-C5EF6F5C8488}"
EndProject
Project("{2150E333-8FDC-42A3-9474-1A3956D46DE8}") = "EntityframeworkcoreThree", "EntityframeworkcoreThree", "{5470B66E-F115-4BED-A933-C1F42C26AB45}"
EndProject
Project("{9A19103F-16F7-4668-BE54-9A1E7A4F7556}") = "TablePerHierarchy", "TablePerHierarchy\TablePerHierarchy.csproj", "{EDBB1242-C76B-450F-8A40-3D5B279B1F33}"
EndProject
Project("{2150E333-8FDC-42A3-9474-1A3956D46DE8}") = "EntityframeworkcoreFive", "EntityframeworkcoreFive", "{7D6EBF39-6C44-4261-8305-1AFA368896B9}"
EndProject
Project("{9A19103F-16F7-4668-BE54-9A1E7A4F7556}") = "GettingStarted", "GettingStarted\GettingStarted.csproj", "{DCDBE748-5DBD-4FFC-89C5-1C7045D25118}"
EndProject
Project("{2150E333-8FDC-42A3-9474-1A3956D46DE8}") = "Marketplace-HandsOn-DDD", "Marketplace-HandsOn-DDD", "{2847B02E-0F99-44B0-A2C1-56C976882A5B}"
	ProjectSection(SolutionItems) = preProject
		notes.md = notes.md
	EndProjectSection
EndProject
Project("{9A19103F-16F7-4668-BE54-9A1E7A4F7556}") = "Marketplace", "Marketplace\Marketplace.csproj", "{E4B8210A-5272-485B-A0B6-69729AB1478C}"
EndProject
Project("{9A19103F-16F7-4668-BE54-9A1E7A4F7556}") = "Marketplace.Domain", "Marketplace.Domain\Marketplace.Domain.csproj", "{067B5C7C-B0F3-479D-95C6-F63D93ABFEA2}"
EndProject
Project("{9A19103F-16F7-4668-BE54-9A1E7A4F7556}") = "Marketplace.Tests", "Marketplace.Tests\Marketplace.Tests.csproj", "{35347BD3-B426-40AB-BE95-39239F2EBAF3}"
EndProject
Project("{9A19103F-16F7-4668-BE54-9A1E7A4F7556}") = "Marketplace.Framework", "Marketplace.Framework\Marketplace.Framework.csproj", "{2A09A773-5098-435A-8B90-C8AA534071F8}"
EndProject
Project("{2150E333-8FDC-42A3-9474-1A3956D46DE8}") = "AspnetcoreThree", "AspnetcoreThree", "{99C3C0D0-5CF7-4E97-81D0-21965CCF0098}"
EndProject
Project("{2150E333-8FDC-42A3-9474-1A3956D46DE8}") = "AspnetcoreInDotnetFive", "AspnetcoreInDotnetFive", "{7BB5B77B-E805-4469-B673-864F54AB9C07}"
EndProject
Project("{2150E333-8FDC-42A3-9474-1A3956D46DE8}") = "AspnetcoreInDotnetSix", "AspnetcoreInDotnetSix", "{87812BFC-912E-4B40-9835-ADA3F9903AFF}"
EndProject
Project("{9A19103F-16F7-4668-BE54-9A1E7A4F7556}") = "Cachings.Aspnetcore.DotnetFive", "Cachings.Aspnetcore.DotnetFive\Cachings.Aspnetcore.DotnetFive.csproj", "{D0BDA5A8-9D71-455F-B90C-E3EC168056A7}"
EndProject
Project("{9A19103F-16F7-4668-BE54-9A1E7A4F7556}") = "Cachings.Aspnetcore.DotnetFive.Api", "Cachings.Aspnetcore.DotnetFive.Api\Cachings.Aspnetcore.DotnetFive.Api.csproj", "{292B4C0B-900B-4CF3-8099-6A2E33C39FCE}"
EndProject
Project("{00D1A9C2-B5F0-4AF3-8072-F6C62B433612}") = "SqlServer", "SqlServer\SqlServer.sqlproj", "{068CE79A-28DD-428C-8B2C-58C681DA1CE5}"
EndProject
Project("{9A19103F-16F7-4668-BE54-9A1E7A4F7556}") = "Accounting", "Accounting\Accounting.csproj", "{4D103A8E-EE72-4411-871B-A1658984E1B2}"
EndProject
Project("{9A19103F-16F7-4668-BE54-9A1E7A4F7556}") = "Mapping", "Mapping\Mapping.csproj", "{497D70B6-5477-499B-BDAF-198B623A2536}"
EndProject
Project("{9A19103F-16F7-4668-BE54-9A1E7A4F7556}") = "DddEnittyframeworkcoreThree.PreservingEncapsulation", "DddEnittyframeworkcoreThree.PreservingEncapsulation\DddEnittyframeworkcoreThree.PreservingEncapsulation.csproj", "{41502AC6-6362-42A5-B2CD-3A4EA3576A6C}"
EndProject
Project("{2150E333-8FDC-42A3-9474-1A3956D46DE8}") = "Json", "Json", "{A32C0B1B-D087-435C-B6D9-2072A80735C3}"
EndProject
Project("{9A19103F-16F7-4668-BE54-9A1E7A4F7556}") = "AboutJtoken", "AboutJtoken\AboutJtoken.csproj", "{F0B53852-FCB2-4FB5-8315-0D2D04794121}"
EndProject
Project("{2150E333-8FDC-42A3-9474-1A3956D46DE8}") = "BuildingOwnEventStore", "BuildingOwnEventStore", "{0F028551-7A70-4354-B46C-079265C3E5ED}"
	ProjectSection(SolutionItems) = preProject
		me-read.md = me-read.md
		tables.sql.txt = tables.sql.txt
	EndProjectSection
EndProject
Global
	GlobalSection(SolutionConfigurationPlatforms) = preSolution
		Debug|Any CPU = Debug|Any CPU
		Release|Any CPU = Release|Any CPU
	EndGlobalSection
	GlobalSection(ProjectConfigurationPlatforms) = postSolution
		{62D2ED7C-3C17-489C-A7E0-AA81F5D1F7AB}.Debug|Any CPU.ActiveCfg = Debug|Any CPU
		{62D2ED7C-3C17-489C-A7E0-AA81F5D1F7AB}.Debug|Any CPU.Build.0 = Debug|Any CPU
		{62D2ED7C-3C17-489C-A7E0-AA81F5D1F7AB}.Release|Any CPU.ActiveCfg = Release|Any CPU
		{62D2ED7C-3C17-489C-A7E0-AA81F5D1F7AB}.Release|Any CPU.Build.0 = Release|Any CPU
		{91F267D7-E9D8-4E9D-AFFE-917C94683F58}.Debug|Any CPU.ActiveCfg = Debug|Any CPU
		{91F267D7-E9D8-4E9D-AFFE-917C94683F58}.Debug|Any CPU.Build.0 = Debug|Any CPU
		{91F267D7-E9D8-4E9D-AFFE-917C94683F58}.Release|Any CPU.ActiveCfg = Release|Any CPU
		{91F267D7-E9D8-4E9D-AFFE-917C94683F58}.Release|Any CPU.Build.0 = Release|Any CPU
		{D2EC576A-5CDB-4097-A57E-C4B15EDCAFBC}.Debug|Any CPU.ActiveCfg = Debug|Any CPU
		{D2EC576A-5CDB-4097-A57E-C4B15EDCAFBC}.Debug|Any CPU.Build.0 = Debug|Any CPU
		{D2EC576A-5CDB-4097-A57E-C4B15EDCAFBC}.Release|Any CPU.ActiveCfg = Release|Any CPU
		{D2EC576A-5CDB-4097-A57E-C4B15EDCAFBC}.Release|Any CPU.Build.0 = Release|Any CPU
		{3F6EDE4B-E5EB-492B-8232-EF5B7AD48CA7}.Debug|Any CPU.ActiveCfg = Debug|Any CPU
		{3F6EDE4B-E5EB-492B-8232-EF5B7AD48CA7}.Debug|Any CPU.Build.0 = Debug|Any CPU
		{3F6EDE4B-E5EB-492B-8232-EF5B7AD48CA7}.Release|Any CPU.ActiveCfg = Release|Any CPU
		{3F6EDE4B-E5EB-492B-8232-EF5B7AD48CA7}.Release|Any CPU.Build.0 = Release|Any CPU
		{2831B14C-98C0-4FD4-8790-C49E8E30F46A}.Debug|Any CPU.ActiveCfg = Debug|Any CPU
		{2831B14C-98C0-4FD4-8790-C49E8E30F46A}.Debug|Any CPU.Build.0 = Debug|Any CPU
		{2831B14C-98C0-4FD4-8790-C49E8E30F46A}.Release|Any CPU.ActiveCfg = Release|Any CPU
		{2831B14C-98C0-4FD4-8790-C49E8E30F46A}.Release|Any CPU.Build.0 = Release|Any CPU
		{274039AC-744B-4935-A9D9-FFAB6D3B1E2B}.Debug|Any CPU.ActiveCfg = Debug|Any CPU
		{274039AC-744B-4935-A9D9-FFAB6D3B1E2B}.Debug|Any CPU.Build.0 = Debug|Any CPU
		{274039AC-744B-4935-A9D9-FFAB6D3B1E2B}.Release|Any CPU.ActiveCfg = Release|Any CPU
		{274039AC-744B-4935-A9D9-FFAB6D3B1E2B}.Release|Any CPU.Build.0 = Release|Any CPU
		{22216190-491A-4C9B-967C-2188C5BEBD17}.Debug|Any CPU.ActiveCfg = Debug|Any CPU
		{22216190-491A-4C9B-967C-2188C5BEBD17}.Debug|Any CPU.Build.0 = Debug|Any CPU
		{22216190-491A-4C9B-967C-2188C5BEBD17}.Release|Any CPU.ActiveCfg = Release|Any CPU
		{22216190-491A-4C9B-967C-2188C5BEBD17}.Release|Any CPU.Build.0 = Release|Any CPU
		{5B8AFF38-E31C-4AA4-9058-21C654267257}.Debug|Any CPU.ActiveCfg = Debug|Any CPU
		{5B8AFF38-E31C-4AA4-9058-21C654267257}.Debug|Any CPU.Build.0 = Debug|Any CPU
		{5B8AFF38-E31C-4AA4-9058-21C654267257}.Release|Any CPU.ActiveCfg = Release|Any CPU
		{5B8AFF38-E31C-4AA4-9058-21C654267257}.Release|Any CPU.Build.0 = Release|Any CPU
		{A519BA2D-3F89-4307-B632-568AED9FD81B}.Debug|Any CPU.ActiveCfg = Debug|Any CPU
		{A519BA2D-3F89-4307-B632-568AED9FD81B}.Debug|Any CPU.Build.0 = Debug|Any CPU
		{A519BA2D-3F89-4307-B632-568AED9FD81B}.Release|Any CPU.ActiveCfg = Release|Any CPU
		{A519BA2D-3F89-4307-B632-568AED9FD81B}.Release|Any CPU.Build.0 = Release|Any CPU
		{A58422FF-74B0-4B4D-A540-C5EF6F5C8488}.Debug|Any CPU.ActiveCfg = Debug|Any CPU
		{A58422FF-74B0-4B4D-A540-C5EF6F5C8488}.Debug|Any CPU.Build.0 = Debug|Any CPU
		{A58422FF-74B0-4B4D-A540-C5EF6F5C8488}.Release|Any CPU.ActiveCfg = Release|Any CPU
		{A58422FF-74B0-4B4D-A540-C5EF6F5C8488}.Release|Any CPU.Build.0 = Release|Any CPU
		{EDBB1242-C76B-450F-8A40-3D5B279B1F33}.Debug|Any CPU.ActiveCfg = Debug|Any CPU
		{EDBB1242-C76B-450F-8A40-3D5B279B1F33}.Debug|Any CPU.Build.0 = Debug|Any CPU
		{EDBB1242-C76B-450F-8A40-3D5B279B1F33}.Release|Any CPU.ActiveCfg = Release|Any CPU
		{EDBB1242-C76B-450F-8A40-3D5B279B1F33}.Release|Any CPU.Build.0 = Release|Any CPU
		{DCDBE748-5DBD-4FFC-89C5-1C7045D25118}.Debug|Any CPU.ActiveCfg = Debug|Any CPU
		{DCDBE748-5DBD-4FFC-89C5-1C7045D25118}.Debug|Any CPU.Build.0 = Debug|Any CPU
		{DCDBE748-5DBD-4FFC-89C5-1C7045D25118}.Release|Any CPU.ActiveCfg = Release|Any CPU
		{DCDBE748-5DBD-4FFC-89C5-1C7045D25118}.Release|Any CPU.Build.0 = Release|Any CPU
		{E4B8210A-5272-485B-A0B6-69729AB1478C}.Debug|Any CPU.ActiveCfg = Debug|Any CPU
		{E4B8210A-5272-485B-A0B6-69729AB1478C}.Debug|Any CPU.Build.0 = Debug|Any CPU
		{E4B8210A-5272-485B-A0B6-69729AB1478C}.Release|Any CPU.ActiveCfg = Release|Any CPU
		{E4B8210A-5272-485B-A0B6-69729AB1478C}.Release|Any CPU.Build.0 = Release|Any CPU
		{067B5C7C-B0F3-479D-95C6-F63D93ABFEA2}.Debug|Any CPU.ActiveCfg = Debug|Any CPU
		{067B5C7C-B0F3-479D-95C6-F63D93ABFEA2}.Debug|Any CPU.Build.0 = Debug|Any CPU
		{067B5C7C-B0F3-479D-95C6-F63D93ABFEA2}.Release|Any CPU.ActiveCfg = Release|Any CPU
		{067B5C7C-B0F3-479D-95C6-F63D93ABFEA2}.Release|Any CPU.Build.0 = Release|Any CPU
		{35347BD3-B426-40AB-BE95-39239F2EBAF3}.Debug|Any CPU.ActiveCfg = Debug|Any CPU
		{35347BD3-B426-40AB-BE95-39239F2EBAF3}.Debug|Any CPU.Build.0 = Debug|Any CPU
		{35347BD3-B426-40AB-BE95-39239F2EBAF3}.Release|Any CPU.ActiveCfg = Release|Any CPU
		{35347BD3-B426-40AB-BE95-39239F2EBAF3}.Release|Any CPU.Build.0 = Release|Any CPU
		{2A09A773-5098-435A-8B90-C8AA534071F8}.Debug|Any CPU.ActiveCfg = Debug|Any CPU
		{2A09A773-5098-435A-8B90-C8AA534071F8}.Debug|Any CPU.Build.0 = Debug|Any CPU
		{2A09A773-5098-435A-8B90-C8AA534071F8}.Release|Any CPU.ActiveCfg = Release|Any CPU
		{2A09A773-5098-435A-8B90-C8AA534071F8}.Release|Any CPU.Build.0 = Release|Any CPU
		{D0BDA5A8-9D71-455F-B90C-E3EC168056A7}.Debug|Any CPU.ActiveCfg = Debug|Any CPU
		{D0BDA5A8-9D71-455F-B90C-E3EC168056A7}.Debug|Any CPU.Build.0 = Debug|Any CPU
		{D0BDA5A8-9D71-455F-B90C-E3EC168056A7}.Release|Any CPU.ActiveCfg = Release|Any CPU
		{D0BDA5A8-9D71-455F-B90C-E3EC168056A7}.Release|Any CPU.Build.0 = Release|Any CPU
		{292B4C0B-900B-4CF3-8099-6A2E33C39FCE}.Debug|Any CPU.ActiveCfg = Debug|Any CPU
		{292B4C0B-900B-4CF3-8099-6A2E33C39FCE}.Debug|Any CPU.Build.0 = Debug|Any CPU
		{292B4C0B-900B-4CF3-8099-6A2E33C39FCE}.Release|Any CPU.ActiveCfg = Release|Any CPU
		{292B4C0B-900B-4CF3-8099-6A2E33C39FCE}.Release|Any CPU.Build.0 = Release|Any CPU
		{068CE79A-28DD-428C-8B2C-58C681DA1CE5}.Debug|Any CPU.ActiveCfg = Debug|Any CPU
		{068CE79A-28DD-428C-8B2C-58C681DA1CE5}.Debug|Any CPU.Build.0 = Debug|Any CPU
		{068CE79A-28DD-428C-8B2C-58C681DA1CE5}.Debug|Any CPU.Deploy.0 = Debug|Any CPU
		{068CE79A-28DD-428C-8B2C-58C681DA1CE5}.Release|Any CPU.ActiveCfg = Release|Any CPU
		{068CE79A-28DD-428C-8B2C-58C681DA1CE5}.Release|Any CPU.Build.0 = Release|Any CPU
		{068CE79A-28DD-428C-8B2C-58C681DA1CE5}.Release|Any CPU.Deploy.0 = Release|Any CPU
		{4D103A8E-EE72-4411-871B-A1658984E1B2}.Debug|Any CPU.ActiveCfg = Debug|Any CPU
		{4D103A8E-EE72-4411-871B-A1658984E1B2}.Debug|Any CPU.Build.0 = Debug|Any CPU
		{4D103A8E-EE72-4411-871B-A1658984E1B2}.Release|Any CPU.ActiveCfg = Release|Any CPU
		{4D103A8E-EE72-4411-871B-A1658984E1B2}.Release|Any CPU.Build.0 = Release|Any CPU
		{497D70B6-5477-499B-BDAF-198B623A2536}.Debug|Any CPU.ActiveCfg = Debug|Any CPU
		{497D70B6-5477-499B-BDAF-198B623A2536}.Debug|Any CPU.Build.0 = Debug|Any CPU
		{497D70B6-5477-499B-BDAF-198B623A2536}.Release|Any CPU.ActiveCfg = Release|Any CPU
		{497D70B6-5477-499B-BDAF-198B623A2536}.Release|Any CPU.Build.0 = Release|Any CPU
		{41502AC6-6362-42A5-B2CD-3A4EA3576A6C}.Debug|Any CPU.ActiveCfg = Debug|Any CPU
		{41502AC6-6362-42A5-B2CD-3A4EA3576A6C}.Debug|Any CPU.Build.0 = Debug|Any CPU
		{41502AC6-6362-42A5-B2CD-3A4EA3576A6C}.Release|Any CPU.ActiveCfg = Release|Any CPU
		{41502AC6-6362-42A5-B2CD-3A4EA3576A6C}.Release|Any CPU.Build.0 = Release|Any CPU
		{F0B53852-FCB2-4FB5-8315-0D2D04794121}.Debug|Any CPU.ActiveCfg = Debug|Any CPU
		{F0B53852-FCB2-4FB5-8315-0D2D04794121}.Debug|Any CPU.Build.0 = Debug|Any CPU
		{F0B53852-FCB2-4FB5-8315-0D2D04794121}.Release|Any CPU.ActiveCfg = Release|Any CPU
		{F0B53852-FCB2-4FB5-8315-0D2D04794121}.Release|Any CPU.Build.0 = Release|Any CPU
	EndGlobalSection
	GlobalSection(SolutionProperties) = preSolution
		HideSolutionNode = FALSE
	EndGlobalSection
	GlobalSection(NestedProjects) = preSolution
		{62D2ED7C-3C17-489C-A7E0-AA81F5D1F7AB} = {3C62CF59-711A-44DF-8360-6DC65BC6A161}
		{91F267D7-E9D8-4E9D-AFFE-917C94683F58} = {94D07055-AFCA-4E7F-9A9E-49AA273BACBA}
		{D2EC576A-5CDB-4097-A57E-C4B15EDCAFBC} = {7EF55878-1ECF-4AB6-A8E2-229D5F15FCCC}
		{3F6EDE4B-E5EB-492B-8232-EF5B7AD48CA7} = {3C62CF59-711A-44DF-8360-6DC65BC6A161}
		{6E38A776-0FF7-44CB-B8F5-79606A772A93} = {3C62CF59-711A-44DF-8360-6DC65BC6A161}
		{2831B14C-98C0-4FD4-8790-C49E8E30F46A} = {6E38A776-0FF7-44CB-B8F5-79606A772A93}
		{5BA0226C-4C62-4C22-8269-4BDDB2476413} = {3C62CF59-711A-44DF-8360-6DC65BC6A161}
		{01EB30B3-C243-48C4-96A6-20DE9B0361BC} = {94D07055-AFCA-4E7F-9A9E-49AA273BACBA}
		{274039AC-744B-4935-A9D9-FFAB6D3B1E2B} = {5BA0226C-4C62-4C22-8269-4BDDB2476413}
		{22216190-491A-4C9B-967C-2188C5BEBD17} = {5BA0226C-4C62-4C22-8269-4BDDB2476413}
		{9FCB19D7-4DAC-4B92-A9BC-B8FDFE28A110} = {3C62CF59-711A-44DF-8360-6DC65BC6A161}
		{5B8AFF38-E31C-4AA4-9058-21C654267257} = {5BA0226C-4C62-4C22-8269-4BDDB2476413}
		{A519BA2D-3F89-4307-B632-568AED9FD81B} = {B9E724E2-0C53-4FD0-9056-24D68A65BF55}
		{A58422FF-74B0-4B4D-A540-C5EF6F5C8488} = {9FCB19D7-4DAC-4B92-A9BC-B8FDFE28A110}
		{5470B66E-F115-4BED-A933-C1F42C26AB45} = {7EF55878-1ECF-4AB6-A8E2-229D5F15FCCC}
		{EDBB1242-C76B-450F-8A40-3D5B279B1F33} = {5470B66E-F115-4BED-A933-C1F42C26AB45}
		{7D6EBF39-6C44-4261-8305-1AFA368896B9} = {7EF55878-1ECF-4AB6-A8E2-229D5F15FCCC}
		{DCDBE748-5DBD-4FFC-89C5-1C7045D25118} = {7D6EBF39-6C44-4261-8305-1AFA368896B9}
		{2847B02E-0F99-44B0-A2C1-56C976882A5B} = {9FCB19D7-4DAC-4B92-A9BC-B8FDFE28A110}
		{E4B8210A-5272-485B-A0B6-69729AB1478C} = {2847B02E-0F99-44B0-A2C1-56C976882A5B}
		{067B5C7C-B0F3-479D-95C6-F63D93ABFEA2} = {2847B02E-0F99-44B0-A2C1-56C976882A5B}
		{35347BD3-B426-40AB-BE95-39239F2EBAF3} = {2847B02E-0F99-44B0-A2C1-56C976882A5B}
		{2A09A773-5098-435A-8B90-C8AA534071F8} = {2847B02E-0F99-44B0-A2C1-56C976882A5B}
		{D0BDA5A8-9D71-455F-B90C-E3EC168056A7} = {7BB5B77B-E805-4469-B673-864F54AB9C07}
		{292B4C0B-900B-4CF3-8099-6A2E33C39FCE} = {7BB5B77B-E805-4469-B673-864F54AB9C07}
		{068CE79A-28DD-428C-8B2C-58C681DA1CE5} = {7EF55878-1ECF-4AB6-A8E2-229D5F15FCCC}
		{4D103A8E-EE72-4411-871B-A1658984E1B2} = {5470B66E-F115-4BED-A933-C1F42C26AB45}
		{497D70B6-5477-499B-BDAF-198B623A2536} = {5470B66E-F115-4BED-A933-C1F42C26AB45}
		{41502AC6-6362-42A5-B2CD-3A4EA3576A6C} = {9FCB19D7-4DAC-4B92-A9BC-B8FDFE28A110}
		{A32C0B1B-D087-435C-B6D9-2072A80735C3} = {7EF55878-1ECF-4AB6-A8E2-229D5F15FCCC}
		{F0B53852-FCB2-4FB5-8315-0D2D04794121} = {A32C0B1B-D087-435C-B6D9-2072A80735C3}
		{0F028551-7A70-4354-B46C-079265C3E5ED} = {3C62CF59-711A-44DF-8360-6DC65BC6A161}
	EndGlobalSection
	GlobalSection(ExtensibilityGlobals) = postSolution
		SolutionGuid = {E1880E68-29D6-48A6-9595-E961759756D1}
	EndGlobalSection
EndGlobal
