
Microsoft Visual Studio Solution File, Format Version 12.00
# Visual Studio Version 16
VisualStudioVersion = 16.0.31205.134
MinimumVisualStudioVersion = 10.0.40219.1
Project("{2150E333-8FDC-42A3-9474-1A3956D46DE8}") = "DesignPatterns", "DesignPatterns", "{3C62CF59-711A-44DF-8360-6DC65BC6A161}"
EndProject
Project("{9A19103F-16F7-4668-BE54-9A1E7A4F7556}") = "Factory", "Factory\Factory.csproj", "{62D2ED7C-3C17-489C-A7E0-AA81F5D1F7AB}"
EndProject
Project("{2150E333-8FDC-42A3-9474-1A3956D46DE8}") = "LanguageFeatures", "LanguageFeatures", "{94D07055-AFCA-4E7F-9A9E-49AA273BACBA}"
EndProject
Project("{FAE04EC0-301F-11D3-BF4B-00C04F79EFBC}") = "Records", "Records\Records.csproj", "{91F267D7-E9D8-4E9D-AFFE-917C94683F58}"
EndProject
Global
	GlobalSection(SolutionConfigurationPlatforms) = preSolution
		Debug|Any CPU = Debug|Any CPU
		Release|Any CPU = Release|Any CPU
	EndGlobalSection
	GlobalSection(ProjectConfigurationPlatforms) = postSolution
		{62D2ED7C-3C17-489C-A7E0-AA81F5D1F7AB}.Debug|Any CPU.ActiveCfg = Debug|Any CPU
		{62D2ED7C-3C17-489C-A7E0-AA81F5D1F7AB}.Debug|Any CPU.Build.0 = Debug|Any CPU
		{62D2ED7C-3C17-489C-A7E0-AA81F5D1F7AB}.Release|Any CPU.ActiveCfg = Release|Any CPU
		{62D2ED7C-3C17-489C-A7E0-AA81F5D1F7AB}.Release|Any CPU.Build.0 = Release|Any CPU
		{91F267D7-E9D8-4E9D-AFFE-917C94683F58}.Debug|Any CPU.ActiveCfg = Debug|Any CPU
		{91F267D7-E9D8-4E9D-AFFE-917C94683F58}.Debug|Any CPU.Build.0 = Debug|Any CPU
		{91F267D7-E9D8-4E9D-AFFE-917C94683F58}.Release|Any CPU.ActiveCfg = Release|Any CPU
		{91F267D7-E9D8-4E9D-AFFE-917C94683F58}.Release|Any CPU.Build.0 = Release|Any CPU
	EndGlobalSection
	GlobalSection(SolutionProperties) = preSolution
		HideSolutionNode = FALSE
	EndGlobalSection
	GlobalSection(NestedProjects) = preSolution
		{62D2ED7C-3C17-489C-A7E0-AA81F5D1F7AB} = {3C62CF59-711A-44DF-8360-6DC65BC6A161}
		{91F267D7-E9D8-4E9D-AFFE-917C94683F58} = {94D07055-AFCA-4E7F-9A9E-49AA273BACBA}
	EndGlobalSection
	GlobalSection(ExtensibilityGlobals) = postSolution
		SolutionGuid = {E1880E68-29D6-48A6-9595-E961759756D1}
	EndGlobalSection
EndGlobal
